
Microsoft Visual Studio Solution File, Format Version 12.00
# Visual Studio Version 17
VisualStudioVersion = 17.2.32516.85
MinimumVisualStudioVersion = 10.0.40219.1
Project("{FAE04EC0-301F-11D3-BF4B-00C04F79EFBC}") = "TheObjectClass", "TheObjectClass\TheObjectClass.csproj", "{8BFED26E-982A-4397-AADA-D5D27C534B72}"
EndProject
Global
	GlobalSection(SolutionConfigurationPlatforms) = preSolution
		Debug|Any CPU = Debug|Any CPU
		Release|Any CPU = Release|Any CPU
	EndGlobalSection
	GlobalSection(ProjectConfigurationPlatforms) = postSolution
		{8BFED26E-982A-4397-AADA-D5D27C534B72}.Debug|Any CPU.ActiveCfg = Debug|Any CPU
		{8BFED26E-982A-4397-AADA-D5D27C534B72}.Debug|Any CPU.Build.0 = Debug|Any CPU
		{8BFED26E-982A-4397-AADA-D5D27C534B72}.Release|Any CPU.ActiveCfg = Release|Any CPU
		{8BFED26E-982A-4397-AADA-D5D27C534B72}.Release|Any CPU.Build.0 = Release|Any CPU
	EndGlobalSection
	GlobalSection(SolutionProperties) = preSolution
		HideSolutionNode = FALSE
	EndGlobalSection
	GlobalSection(ExtensibilityGlobals) = postSolution
		SolutionGuid = {477DDD2D-0B2D-4951-A8F9-504D3BA74F36}
	EndGlobalSection
EndGlobal
